// !$*UTF8*$!
{
	archiveVersion = 1;
	classes = {
	};
	objectVersion = 55;
	objects = {

/* Begin PBXBuildFile section */
		4C2925D7288F8EFB00A9E517 /* NanoChallenge2App.swift in Sources */ = {isa = PBXBuildFile; fileRef = 4C2925D6288F8EFB00A9E517 /* NanoChallenge2App.swift */; };
		4C2925D9288F8EFB00A9E517 /* ContentView.swift in Sources */ = {isa = PBXBuildFile; fileRef = 4C2925D8288F8EFB00A9E517 /* ContentView.swift */; };
		4C2925DB288F8EFC00A9E517 /* Assets.xcassets in Resources */ = {isa = PBXBuildFile; fileRef = 4C2925DA288F8EFC00A9E517 /* Assets.xcassets */; };
		4C2925DE288F8EFC00A9E517 /* Preview Assets.xcassets in Resources */ = {isa = PBXBuildFile; fileRef = 4C2925DD288F8EFC00A9E517 /* Preview Assets.xcassets */; };
		4C2925E0288F8EFC00A9E517 /* Persistence.swift in Sources */ = {isa = PBXBuildFile; fileRef = 4C2925DF288F8EFC00A9E517 /* Persistence.swift */; };
		4C2925E3288F8EFC00A9E517 /* NanoChallenge2.xcdatamodeld in Sources */ = {isa = PBXBuildFile; fileRef = 4C2925E1288F8EFC00A9E517 /* NanoChallenge2.xcdatamodeld */; };
		4C292615288FCB5000A9E517 /* Task.swift in Sources */ = {isa = PBXBuildFile; fileRef = 4C292614288FCB5000A9E517 /* Task.swift */; };
		4C292618288FCBFF00A9E517 /* TaskViewModel.swift in Sources */ = {isa = PBXBuildFile; fileRef = 4C292617288FCBFF00A9E517 /* TaskViewModel.swift */; };
		4C29261A288FD20300A9E517 /* Helper.swift in Sources */ = {isa = PBXBuildFile; fileRef = 4C292619288FD20300A9E517 /* Helper.swift */; };
		4C29261C2890356200A9E517 /* HomeView.swift in Sources */ = {isa = PBXBuildFile; fileRef = 4C29261B2890356200A9E517 /* HomeView.swift */; };
		4C29261F28906AD600A9E517 /* CoreData.xcdatamodeld in Sources */ = {isa = PBXBuildFile; fileRef = 4C29261D28906AD600A9E517 /* CoreData.xcdatamodeld */; };
		4C2926262890794900A9E517 /* Filter.swift in Sources */ = {isa = PBXBuildFile; fileRef = 4C2926252890794900A9E517 /* Filter.swift */; };
		4C79813828930B68000BE4BE /* CustomDatePicker.swift in Sources */ = {isa = PBXBuildFile; fileRef = 4C79813728930B68000BE4BE /* CustomDatePicker.swift */; };
		4C79813A28930E56000BE4BE /* DateValue.swift in Sources */ = {isa = PBXBuildFile; fileRef = 4C79813928930E56000BE4BE /* DateValue.swift */; };
		4C79813E28985C0E000BE4BE /* CustomWeekView.swift in Sources */ = {isa = PBXBuildFile; fileRef = 4C79813D28985C0E000BE4BE /* CustomWeekView.swift */; };
		4C79814028986A7D000BE4BE /* BackUPHome.swift in Sources */ = {isa = PBXBuildFile; fileRef = 4C79813F28986A7D000BE4BE /* BackUPHome.swift */; };
		4CB5406C28986D7D00E1A403 /* SwiftUISnappingScrollView in Frameworks */ = {isa = PBXBuildFile; productRef = 4CB5406B28986D7D00E1A403 /* SwiftUISnappingScrollView */; };
		4CB543282899503600E1A403 /* CalendarKit in Frameworks */ = {isa = PBXBuildFile; productRef = 4CB543272899503600E1A403 /* CalendarKit */; };
		4CB5432B2899506E00E1A403 /* CalendarView.swift in Sources */ = {isa = PBXBuildFile; fileRef = 4CB5432A2899506E00E1A403 /* CalendarView.swift */; };
		4CB5432E2899507D00E1A403 /* CalendarKit in Frameworks */ = {isa = PBXBuildFile; productRef = 4CB5432D2899507D00E1A403 /* CalendarKit */; };
		4CB543302899509E00E1A403 /* CalendarController.swift in Sources */ = {isa = PBXBuildFile; fileRef = 4CB5432F2899509E00E1A403 /* CalendarController.swift */; };
		4CB543322899528D00E1A403 /* CalendarWeek.swift in Sources */ = {isa = PBXBuildFile; fileRef = 4CB543312899528D00E1A403 /* CalendarWeek.swift */; };
		4CB5433428997F4D00E1A403 /* CustomDatePickerSmall.swift in Sources */ = {isa = PBXBuildFile; fileRef = 4CB5433328997F4D00E1A403 /* CustomDatePickerSmall.swift */; };
		4CB543AD2899A7B100E1A403 /* CustonCarousel.swift in Sources */ = {isa = PBXBuildFile; fileRef = 4CB543AC2899A7B100E1A403 /* CustonCarousel.swift */; };
		4CB543AF289A4AD900E1A403 /* ScrollWeekView.swift in Sources */ = {isa = PBXBuildFile; fileRef = 4CB543AE289A4AD900E1A403 /* ScrollWeekView.swift */; };
		4CB543B1289A4FFF00E1A403 /* CustomScroll3.swift in Sources */ = {isa = PBXBuildFile; fileRef = 4CB543B0289A4FFF00E1A403 /* CustomScroll3.swift */; };
		4CB543B4289A517300E1A403 /* Scroll.swift in Sources */ = {isa = PBXBuildFile; fileRef = 4CB543B3289A517300E1A403 /* Scroll.swift */; };
		4CB543B6289A518B00E1A403 /* View.swift in Sources */ = {isa = PBXBuildFile; fileRef = 4CB543B5289A518B00E1A403 /* View.swift */; };
		4CB543B9289A9A7300E1A403 /* WeekView.swift in Sources */ = {isa = PBXBuildFile; fileRef = 4CB543B8289A9A7300E1A403 /* WeekView.swift */; };
		4CB543BB289A9FA600E1A403 /* Card.swift in Sources */ = {isa = PBXBuildFile; fileRef = 4CB543BA289A9FA600E1A403 /* Card.swift */; };
		4CB543BD289AB9F500E1A403 /* WeekViewModel.swift in Sources */ = {isa = PBXBuildFile; fileRef = 4CB543BC289AB9F500E1A403 /* WeekViewModel.swift */; };
		4CB543BF289AF1C800E1A403 /* CustomCarouselBU.swift in Sources */ = {isa = PBXBuildFile; fileRef = 4CB543BE289AF1C800E1A403 /* CustomCarouselBU.swift */; };
		4CB543C1289AFEB900E1A403 /* TESTSETS.swift in Sources */ = {isa = PBXBuildFile; fileRef = 4CB543C0289AFEB900E1A403 /* TESTSETS.swift */; };
		4CF2A70128907EB600B8D1EC /* NewTaskView.swift in Sources */ = {isa = PBXBuildFile; fileRef = 4CF2A70028907EB600B8D1EC /* NewTaskView.swift */; };
/* End PBXBuildFile section */

/* Begin PBXFileReference section */
		4C2925D3288F8EFB00A9E517 /* NanoChallenge2.app */ = {isa = PBXFileReference; explicitFileType = wrapper.application; includeInIndex = 0; path = NanoChallenge2.app; sourceTree = BUILT_PRODUCTS_DIR; };
		4C2925D6288F8EFB00A9E517 /* NanoChallenge2App.swift */ = {isa = PBXFileReference; lastKnownFileType = sourcecode.swift; path = NanoChallenge2App.swift; sourceTree = "<group>"; };
		4C2925D8288F8EFB00A9E517 /* ContentView.swift */ = {isa = PBXFileReference; lastKnownFileType = sourcecode.swift; path = ContentView.swift; sourceTree = "<group>"; };
		4C2925DA288F8EFC00A9E517 /* Assets.xcassets */ = {isa = PBXFileReference; lastKnownFileType = folder.assetcatalog; path = Assets.xcassets; sourceTree = "<group>"; };
		4C2925DD288F8EFC00A9E517 /* Preview Assets.xcassets */ = {isa = PBXFileReference; lastKnownFileType = folder.assetcatalog; path = "Preview Assets.xcassets"; sourceTree = "<group>"; };
		4C2925DF288F8EFC00A9E517 /* Persistence.swift */ = {isa = PBXFileReference; lastKnownFileType = sourcecode.swift; path = Persistence.swift; sourceTree = "<group>"; };
		4C2925E2288F8EFC00A9E517 /* NanoChallenge2.xcdatamodel */ = {isa = PBXFileReference; lastKnownFileType = wrapper.xcdatamodel; path = NanoChallenge2.xcdatamodel; sourceTree = "<group>"; };
		4C292614288FCB5000A9E517 /* Task.swift */ = {isa = PBXFileReference; lastKnownFileType = sourcecode.swift; path = Task.swift; sourceTree = "<group>"; };
		4C292617288FCBFF00A9E517 /* TaskViewModel.swift */ = {isa = PBXFileReference; lastKnownFileType = sourcecode.swift; path = TaskViewModel.swift; sourceTree = "<group>"; };
		4C292619288FD20300A9E517 /* Helper.swift */ = {isa = PBXFileReference; lastKnownFileType = sourcecode.swift; path = Helper.swift; sourceTree = "<group>"; };
		4C29261B2890356200A9E517 /* HomeView.swift */ = {isa = PBXFileReference; lastKnownFileType = sourcecode.swift; path = HomeView.swift; sourceTree = "<group>"; };
		4C29261E28906AD600A9E517 /* CoreData.xcdatamodel */ = {isa = PBXFileReference; lastKnownFileType = wrapper.xcdatamodel; path = CoreData.xcdatamodel; sourceTree = "<group>"; };
		4C2926252890794900A9E517 /* Filter.swift */ = {isa = PBXFileReference; lastKnownFileType = sourcecode.swift; path = Filter.swift; sourceTree = "<group>"; };
		4C79813728930B68000BE4BE /* CustomDatePicker.swift */ = {isa = PBXFileReference; lastKnownFileType = sourcecode.swift; path = CustomDatePicker.swift; sourceTree = "<group>"; };
		4C79813928930E56000BE4BE /* DateValue.swift */ = {isa = PBXFileReference; lastKnownFileType = sourcecode.swift; path = DateValue.swift; sourceTree = "<group>"; };
		4C79813D28985C0E000BE4BE /* CustomWeekView.swift */ = {isa = PBXFileReference; lastKnownFileType = sourcecode.swift; path = CustomWeekView.swift; sourceTree = "<group>"; };
		4C79813F28986A7D000BE4BE /* BackUPHome.swift */ = {isa = PBXFileReference; lastKnownFileType = sourcecode.swift; path = BackUPHome.swift; sourceTree = "<group>"; };
		4CB5432A2899506E00E1A403 /* CalendarView.swift */ = {isa = PBXFileReference; lastKnownFileType = sourcecode.swift; path = CalendarView.swift; sourceTree = "<group>"; };
		4CB5432F2899509E00E1A403 /* CalendarController.swift */ = {isa = PBXFileReference; lastKnownFileType = sourcecode.swift; path = CalendarController.swift; sourceTree = "<group>"; };
		4CB543312899528D00E1A403 /* CalendarWeek.swift */ = {isa = PBXFileReference; lastKnownFileType = sourcecode.swift; path = CalendarWeek.swift; sourceTree = "<group>"; };
		4CB5433328997F4D00E1A403 /* CustomDatePickerSmall.swift */ = {isa = PBXFileReference; lastKnownFileType = sourcecode.swift; path = CustomDatePickerSmall.swift; sourceTree = "<group>"; };
		4CB543AC2899A7B100E1A403 /* CustonCarousel.swift */ = {isa = PBXFileReference; lastKnownFileType = sourcecode.swift; path = CustonCarousel.swift; sourceTree = "<group>"; };
		4CB543AE289A4AD900E1A403 /* ScrollWeekView.swift */ = {isa = PBXFileReference; lastKnownFileType = sourcecode.swift; path = ScrollWeekView.swift; sourceTree = "<group>"; };
		4CB543B0289A4FFF00E1A403 /* CustomScroll3.swift */ = {isa = PBXFileReference; lastKnownFileType = sourcecode.swift; path = CustomScroll3.swift; sourceTree = "<group>"; };
		4CB543B3289A517300E1A403 /* Scroll.swift */ = {isa = PBXFileReference; lastKnownFileType = sourcecode.swift; path = Scroll.swift; sourceTree = "<group>"; };
		4CB543B5289A518B00E1A403 /* View.swift */ = {isa = PBXFileReference; lastKnownFileType = sourcecode.swift; path = View.swift; sourceTree = "<group>"; };
		4CB543B8289A9A7300E1A403 /* WeekView.swift */ = {isa = PBXFileReference; lastKnownFileType = sourcecode.swift; path = WeekView.swift; sourceTree = "<group>"; };
		4CB543BA289A9FA600E1A403 /* Card.swift */ = {isa = PBXFileReference; lastKnownFileType = sourcecode.swift; path = Card.swift; sourceTree = "<group>"; };
		4CB543BC289AB9F500E1A403 /* WeekViewModel.swift */ = {isa = PBXFileReference; lastKnownFileType = sourcecode.swift; path = WeekViewModel.swift; sourceTree = "<group>"; };
		4CB543BE289AF1C800E1A403 /* CustomCarouselBU.swift */ = {isa = PBXFileReference; lastKnownFileType = sourcecode.swift; path = CustomCarouselBU.swift; sourceTree = "<group>"; };
		4CB543C0289AFEB900E1A403 /* TESTSETS.swift */ = {isa = PBXFileReference; lastKnownFileType = sourcecode.swift; path = TESTSETS.swift; sourceTree = "<group>"; };
		4CF2A70028907EB600B8D1EC /* NewTaskView.swift */ = {isa = PBXFileReference; lastKnownFileType = sourcecode.swift; path = NewTaskView.swift; sourceTree = "<group>"; };
/* End PBXFileReference section */

/* Begin PBXFrameworksBuildPhase section */
		4C2925D0288F8EFB00A9E517 /* Frameworks */ = {
			isa = PBXFrameworksBuildPhase;
			buildActionMask = 2147483647;
			files = (
				4CB5432E2899507D00E1A403 /* CalendarKit in Frameworks */,
				4CB543282899503600E1A403 /* CalendarKit in Frameworks */,
				4CB5406C28986D7D00E1A403 /* SwiftUISnappingScrollView in Frameworks */,
			);
			runOnlyForDeploymentPostprocessing = 0;
		};
/* End PBXFrameworksBuildPhase section */

/* Begin PBXGroup section */
		4C2925CA288F8EFA00A9E517 = {
			isa = PBXGroup;
			children = (
				4C2925D5288F8EFB00A9E517 /* NanoChallenge2 */,
				4C2925D4288F8EFB00A9E517 /* Products */,
			);
			sourceTree = "<group>";
		};
		4C2925D4288F8EFB00A9E517 /* Products */ = {
			isa = PBXGroup;
			children = (
				4C2925D3288F8EFB00A9E517 /* NanoChallenge2.app */,
			);
			name = Products;
			sourceTree = "<group>";
		};
		4C2925D5288F8EFB00A9E517 /* NanoChallenge2 */ = {
			isa = PBXGroup;
			children = (
				4CB543B7289A9A6000E1A403 /* WeekView */,
				4CB543B2289A516B00E1A403 /* TSET */,
				4CB543292899506400E1A403 /* Calendar */,
				4C292616288FCBD400A9E517 /* ViewModel */,
				4C292611288FCB2F00A9E517 /* View */,
				4C292610288FCB2500A9E517 /* Model */,
				4C2925D6288F8EFB00A9E517 /* NanoChallenge2App.swift */,
				4C2925DA288F8EFC00A9E517 /* Assets.xcassets */,
				4C2925DF288F8EFC00A9E517 /* Persistence.swift */,
				4C29261D28906AD600A9E517 /* CoreData.xcdatamodeld */,
				4C2925E1288F8EFC00A9E517 /* NanoChallenge2.xcdatamodeld */,
				4C2925DC288F8EFC00A9E517 /* Preview Content */,
			);
			path = NanoChallenge2;
			sourceTree = "<group>";
		};
		4C2925DC288F8EFC00A9E517 /* Preview Content */ = {
			isa = PBXGroup;
			children = (
				4C2925DD288F8EFC00A9E517 /* Preview Assets.xcassets */,
			);
			path = "Preview Content";
			sourceTree = "<group>";
		};
		4C292610288FCB2500A9E517 /* Model */ = {
			isa = PBXGroup;
			children = (
				4C292614288FCB5000A9E517 /* Task.swift */,
				4C292619288FD20300A9E517 /* Helper.swift */,
			);
			path = Model;
			sourceTree = "<group>";
		};
		4C292611288FCB2F00A9E517 /* View */ = {
			isa = PBXGroup;
			children = (
				4C2925D8288F8EFB00A9E517 /* ContentView.swift */,
				4C29261B2890356200A9E517 /* HomeView.swift */,
				4C2926252890794900A9E517 /* Filter.swift */,
				4CF2A70028907EB600B8D1EC /* NewTaskView.swift */,
				4C79813728930B68000BE4BE /* CustomDatePicker.swift */,
				4C79813928930E56000BE4BE /* DateValue.swift */,
				4C79813D28985C0E000BE4BE /* CustomWeekView.swift */,
				4C79813F28986A7D000BE4BE /* BackUPHome.swift */,
				4CB543312899528D00E1A403 /* CalendarWeek.swift */,
				4CB5433328997F4D00E1A403 /* CustomDatePickerSmall.swift */,
				4CB543AC2899A7B100E1A403 /* CustonCarousel.swift */,
				4CB543AE289A4AD900E1A403 /* ScrollWeekView.swift */,
				4CB543B0289A4FFF00E1A403 /* CustomScroll3.swift */,
				4CB543BE289AF1C800E1A403 /* CustomCarouselBU.swift */,
			);
			path = View;
			sourceTree = "<group>";
		};
		4C292616288FCBD400A9E517 /* ViewModel */ = {
			isa = PBXGroup;
			children = (
				4C292617288FCBFF00A9E517 /* TaskViewModel.swift */,
			);
			path = ViewModel;
			sourceTree = "<group>";
		};
		4CB543292899506400E1A403 /* Calendar */ = {
			isa = PBXGroup;
			children = (
				4CB5432A2899506E00E1A403 /* CalendarView.swift */,
				4CB5432F2899509E00E1A403 /* CalendarController.swift */,
			);
			path = Calendar;
			sourceTree = "<group>";
		};
		4CB543B2289A516B00E1A403 /* TSET */ = {
			isa = PBXGroup;
			children = (
				4CB543B3289A517300E1A403 /* Scroll.swift */,
				4CB543B5289A518B00E1A403 /* View.swift */,
				4CB543BC289AB9F500E1A403 /* WeekViewModel.swift */,
			);
			path = TSET;
			sourceTree = "<group>";
		};
		4CB543B7289A9A6000E1A403 /* WeekView */ = {
			isa = PBXGroup;
			children = (
				4CB543B8289A9A7300E1A403 /* WeekView.swift */,
				4CB543BA289A9FA600E1A403 /* Card.swift */,
				4CB543C0289AFEB900E1A403 /* TESTSETS.swift */,
			);
			path = WeekView;
			sourceTree = "<group>";
		};
/* End PBXGroup section */

/* Begin PBXNativeTarget section */
		4C2925D2288F8EFB00A9E517 /* NanoChallenge2 */ = {
			isa = PBXNativeTarget;
			buildConfigurationList = 4C2925E6288F8EFC00A9E517 /* Build configuration list for PBXNativeTarget "NanoChallenge2" */;
			buildPhases = (
				4C2925CF288F8EFB00A9E517 /* Sources */,
				4C2925D0288F8EFB00A9E517 /* Frameworks */,
				4C2925D1288F8EFB00A9E517 /* Resources */,
			);
			buildRules = (
			);
			dependencies = (
			);
			name = NanoChallenge2;
			packageProductDependencies = (
				4CB5406B28986D7D00E1A403 /* SwiftUISnappingScrollView */,
				4CB543272899503600E1A403 /* CalendarKit */,
				4CB5432D2899507D00E1A403 /* CalendarKit */,
			);
			productName = NanoChallenge2;
			productReference = 4C2925D3288F8EFB00A9E517 /* NanoChallenge2.app */;
			productType = "com.apple.product-type.application";
		};
/* End PBXNativeTarget section */

/* Begin PBXProject section */
		4C2925CB288F8EFA00A9E517 /* Project object */ = {
			isa = PBXProject;
			attributes = {
				BuildIndependentTargetsInParallel = 1;
				LastSwiftUpdateCheck = 1340;
				LastUpgradeCheck = 1340;
				TargetAttributes = {
					4C2925D2288F8EFB00A9E517 = {
						CreatedOnToolsVersion = 13.4.1;
					};
				};
			};
			buildConfigurationList = 4C2925CE288F8EFA00A9E517 /* Build configuration list for PBXProject "NanoChallenge2" */;
			compatibilityVersion = "Xcode 13.0";
			developmentRegion = en;
			hasScannedForEncodings = 0;
			knownRegions = (
				en,
				Base,
			);
			mainGroup = 4C2925CA288F8EFA00A9E517;
			packageReferences = (
				4CB5406A28986D7D00E1A403 /* XCRemoteSwiftPackageReference "SwiftUISnappingScrollView" */,
				4CB543262899503600E1A403 /* XCRemoteSwiftPackageReference "CalendarKit" */,
			);
			productRefGroup = 4C2925D4288F8EFB00A9E517 /* Products */;
			projectDirPath = "";
			projectRoot = "";
			targets = (
				4C2925D2288F8EFB00A9E517 /* NanoChallenge2 */,
			);
		};
/* End PBXProject section */

/* Begin PBXResourcesBuildPhase section */
		4C2925D1288F8EFB00A9E517 /* Resources */ = {
			isa = PBXResourcesBuildPhase;
			buildActionMask = 2147483647;
			files = (
				4C2925DE288F8EFC00A9E517 /* Preview Assets.xcassets in Resources */,
				4C2925DB288F8EFC00A9E517 /* Assets.xcassets in Resources */,
			);
			runOnlyForDeploymentPostprocessing = 0;
		};
/* End PBXResourcesBuildPhase section */

/* Begin PBXSourcesBuildPhase section */
		4C2925CF288F8EFB00A9E517 /* Sources */ = {
			isa = PBXSourcesBuildPhase;
			buildActionMask = 2147483647;
			files = (
				4C2925E3288F8EFC00A9E517 /* NanoChallenge2.xcdatamodeld in Sources */,
				4CB543AD2899A7B100E1A403 /* CustonCarousel.swift in Sources */,
				4CB543AF289A4AD900E1A403 /* ScrollWeekView.swift in Sources */,
				4CB543BD289AB9F500E1A403 /* WeekViewModel.swift in Sources */,
				4C2925E0288F8EFC00A9E517 /* Persistence.swift in Sources */,
				4CB5432B2899506E00E1A403 /* CalendarView.swift in Sources */,
				4C2925D9288F8EFB00A9E517 /* ContentView.swift in Sources */,
				4C29261F28906AD600A9E517 /* CoreData.xcdatamodeld in Sources */,
				4C2926262890794900A9E517 /* Filter.swift in Sources */,
				4CB543B6289A518B00E1A403 /* View.swift in Sources */,
				4C29261C2890356200A9E517 /* HomeView.swift in Sources */,
				4CB543B1289A4FFF00E1A403 /* CustomScroll3.swift in Sources */,
				4C79813828930B68000BE4BE /* CustomDatePicker.swift in Sources */,
				4C79813E28985C0E000BE4BE /* CustomWeekView.swift in Sources */,
				4CB543322899528D00E1A403 /* CalendarWeek.swift in Sources */,
				4CB543B4289A517300E1A403 /* Scroll.swift in Sources */,
				4C29261A288FD20300A9E517 /* Helper.swift in Sources */,
				4CF2A70128907EB600B8D1EC /* NewTaskView.swift in Sources */,
				4CB543BB289A9FA600E1A403 /* Card.swift in Sources */,
				4CB5433428997F4D00E1A403 /* CustomDatePickerSmall.swift in Sources */,
				4CB543C1289AFEB900E1A403 /* TESTSETS.swift in Sources */,
				4C292618288FCBFF00A9E517 /* TaskViewModel.swift in Sources */,
				4C292615288FCB5000A9E517 /* Task.swift in Sources */,
				4C79813A28930E56000BE4BE /* DateValue.swift in Sources */,
				4C79814028986A7D000BE4BE /* BackUPHome.swift in Sources */,
				4C2925D7288F8EFB00A9E517 /* NanoChallenge2App.swift in Sources */,
				4CB543BF289AF1C800E1A403 /* CustomCarouselBU.swift in Sources */,
				4CB543B9289A9A7300E1A403 /* WeekView.swift in Sources */,
				4CB543302899509E00E1A403 /* CalendarController.swift in Sources */,
			);
			runOnlyForDeploymentPostprocessing = 0;
		};
/* End PBXSourcesBuildPhase section */

/* Begin XCBuildConfiguration section */
		4C2925E4288F8EFC00A9E517 /* Debug */ = {
			isa = XCBuildConfiguration;
			buildSettings = {
				ALWAYS_SEARCH_USER_PATHS = NO;
				CLANG_ANALYZER_NONNULL = YES;
				CLANG_ANALYZER_NUMBER_OBJECT_CONVERSION = YES_AGGRESSIVE;
				CLANG_CXX_LANGUAGE_STANDARD = "gnu++17";
				CLANG_ENABLE_MODULES = YES;
				CLANG_ENABLE_OBJC_ARC = YES;
				CLANG_ENABLE_OBJC_WEAK = YES;
				CLANG_WARN_BLOCK_CAPTURE_AUTORELEASING = YES;
				CLANG_WARN_BOOL_CONVERSION = YES;
				CLANG_WARN_COMMA = YES;
				CLANG_WARN_CONSTANT_CONVERSION = YES;
				CLANG_WARN_DEPRECATED_OBJC_IMPLEMENTATIONS = YES;
				CLANG_WARN_DIRECT_OBJC_ISA_USAGE = YES_ERROR;
				CLANG_WARN_DOCUMENTATION_COMMENTS = YES;
				CLANG_WARN_EMPTY_BODY = YES;
				CLANG_WARN_ENUM_CONVERSION = YES;
				CLANG_WARN_INFINITE_RECURSION = YES;
				CLANG_WARN_INT_CONVERSION = YES;
				CLANG_WARN_NON_LITERAL_NULL_CONVERSION = YES;
				CLANG_WARN_OBJC_IMPLICIT_RETAIN_SELF = YES;
				CLANG_WARN_OBJC_LITERAL_CONVERSION = YES;
				CLANG_WARN_OBJC_ROOT_CLASS = YES_ERROR;
				CLANG_WARN_QUOTED_INCLUDE_IN_FRAMEWORK_HEADER = YES;
				CLANG_WARN_RANGE_LOOP_ANALYSIS = YES;
				CLANG_WARN_STRICT_PROTOTYPES = YES;
				CLANG_WARN_SUSPICIOUS_MOVE = YES;
				CLANG_WARN_UNGUARDED_AVAILABILITY = YES_AGGRESSIVE;
				CLANG_WARN_UNREACHABLE_CODE = YES;
				CLANG_WARN__DUPLICATE_METHOD_MATCH = YES;
				COPY_PHASE_STRIP = NO;
				DEBUG_INFORMATION_FORMAT = dwarf;
				ENABLE_STRICT_OBJC_MSGSEND = YES;
				ENABLE_TESTABILITY = YES;
				GCC_C_LANGUAGE_STANDARD = gnu11;
				GCC_DYNAMIC_NO_PIC = NO;
				GCC_NO_COMMON_BLOCKS = YES;
				GCC_OPTIMIZATION_LEVEL = 0;
				GCC_PREPROCESSOR_DEFINITIONS = (
					"DEBUG=1",
					"$(inherited)",
				);
				GCC_WARN_64_TO_32_BIT_CONVERSION = YES;
				GCC_WARN_ABOUT_RETURN_TYPE = YES_ERROR;
				GCC_WARN_UNDECLARED_SELECTOR = YES;
				GCC_WARN_UNINITIALIZED_AUTOS = YES_AGGRESSIVE;
				GCC_WARN_UNUSED_FUNCTION = YES;
				GCC_WARN_UNUSED_VARIABLE = YES;
				IPHONEOS_DEPLOYMENT_TARGET = 15.5;
				MTL_ENABLE_DEBUG_INFO = INCLUDE_SOURCE;
				MTL_FAST_MATH = YES;
				ONLY_ACTIVE_ARCH = YES;
				SDKROOT = iphoneos;
				SWIFT_ACTIVE_COMPILATION_CONDITIONS = DEBUG;
				SWIFT_OPTIMIZATION_LEVEL = "-Onone";
			};
			name = Debug;
		};
		4C2925E5288F8EFC00A9E517 /* Release */ = {
			isa = XCBuildConfiguration;
			buildSettings = {
				ALWAYS_SEARCH_USER_PATHS = NO;
				CLANG_ANALYZER_NONNULL = YES;
				CLANG_ANALYZER_NUMBER_OBJECT_CONVERSION = YES_AGGRESSIVE;
				CLANG_CXX_LANGUAGE_STANDARD = "gnu++17";
				CLANG_ENABLE_MODULES = YES;
				CLANG_ENABLE_OBJC_ARC = YES;
				CLANG_ENABLE_OBJC_WEAK = YES;
				CLANG_WARN_BLOCK_CAPTURE_AUTORELEASING = YES;
				CLANG_WARN_BOOL_CONVERSION = YES;
				CLANG_WARN_COMMA = YES;
				CLANG_WARN_CONSTANT_CONVERSION = YES;
				CLANG_WARN_DEPRECATED_OBJC_IMPLEMENTATIONS = YES;
				CLANG_WARN_DIRECT_OBJC_ISA_USAGE = YES_ERROR;
				CLANG_WARN_DOCUMENTATION_COMMENTS = YES;
				CLANG_WARN_EMPTY_BODY = YES;
				CLANG_WARN_ENUM_CONVERSION = YES;
				CLANG_WARN_INFINITE_RECURSION = YES;
				CLANG_WARN_INT_CONVERSION = YES;
				CLANG_WARN_NON_LITERAL_NULL_CONVERSION = YES;
				CLANG_WARN_OBJC_IMPLICIT_RETAIN_SELF = YES;
				CLANG_WARN_OBJC_LITERAL_CONVERSION = YES;
				CLANG_WARN_OBJC_ROOT_CLASS = YES_ERROR;
				CLANG_WARN_QUOTED_INCLUDE_IN_FRAMEWORK_HEADER = YES;
				CLANG_WARN_RANGE_LOOP_ANALYSIS = YES;
				CLANG_WARN_STRICT_PROTOTYPES = YES;
				CLANG_WARN_SUSPICIOUS_MOVE = YES;
				CLANG_WARN_UNGUARDED_AVAILABILITY = YES_AGGRESSIVE;
				CLANG_WARN_UNREACHABLE_CODE = YES;
				CLANG_WARN__DUPLICATE_METHOD_MATCH = YES;
				COPY_PHASE_STRIP = NO;
				DEBUG_INFORMATION_FORMAT = "dwarf-with-dsym";
				ENABLE_NS_ASSERTIONS = NO;
				ENABLE_STRICT_OBJC_MSGSEND = YES;
				GCC_C_LANGUAGE_STANDARD = gnu11;
				GCC_NO_COMMON_BLOCKS = YES;
				GCC_WARN_64_TO_32_BIT_CONVERSION = YES;
				GCC_WARN_ABOUT_RETURN_TYPE = YES_ERROR;
				GCC_WARN_UNDECLARED_SELECTOR = YES;
				GCC_WARN_UNINITIALIZED_AUTOS = YES_AGGRESSIVE;
				GCC_WARN_UNUSED_FUNCTION = YES;
				GCC_WARN_UNUSED_VARIABLE = YES;
				IPHONEOS_DEPLOYMENT_TARGET = 15.5;
				MTL_ENABLE_DEBUG_INFO = NO;
				MTL_FAST_MATH = YES;
				SDKROOT = iphoneos;
				SWIFT_COMPILATION_MODE = wholemodule;
				SWIFT_OPTIMIZATION_LEVEL = "-O";
				VALIDATE_PRODUCT = YES;
			};
			name = Release;
		};
		4C2925E7288F8EFC00A9E517 /* Debug */ = {
			isa = XCBuildConfiguration;
			buildSettings = {
				ASSETCATALOG_COMPILER_APPICON_NAME = AppIcon;
				ASSETCATALOG_COMPILER_GLOBAL_ACCENT_COLOR_NAME = AccentColor;
				CODE_SIGN_STYLE = Automatic;
				CURRENT_PROJECT_VERSION = 1;
				DEVELOPMENT_ASSET_PATHS = "\"NanoChallenge2/Preview Content\"";
				DEVELOPMENT_TEAM = 3RXGWUTBRR;
				ENABLE_PREVIEWS = YES;
				GENERATE_INFOPLIST_FILE = YES;
				INFOPLIST_KEY_UIApplicationSceneManifest_Generation = YES;
				INFOPLIST_KEY_UIApplicationSupportsIndirectInputEvents = YES;
				INFOPLIST_KEY_UILaunchScreen_Generation = YES;
				INFOPLIST_KEY_UISupportedInterfaceOrientations_iPad = "UIInterfaceOrientationPortrait UIInterfaceOrientationPortraitUpsideDown UIInterfaceOrientationLandscapeLeft UIInterfaceOrientationLandscapeRight";
				INFOPLIST_KEY_UISupportedInterfaceOrientations_iPhone = "UIInterfaceOrientationPortrait UIInterfaceOrientationLandscapeLeft UIInterfaceOrientationLandscapeRight";
				LD_RUNPATH_SEARCH_PATHS = (
					"$(inherited)",
					"@executable_path/Frameworks",
				);
				MARKETING_VERSION = 1.0;
				PRODUCT_BUNDLE_IDENTIFIER = "appleAcademy.NanoChallenge-2";
				PRODUCT_NAME = "$(TARGET_NAME)";
				SWIFT_EMIT_LOC_STRINGS = YES;
				SWIFT_VERSION = 5.0;
				TARGETED_DEVICE_FAMILY = "1,2";
			};
			name = Debug;
		};
		4C2925E8288F8EFC00A9E517 /* Release */ = {
			isa = XCBuildConfiguration;
			buildSettings = {
				ASSETCATALOG_COMPILER_APPICON_NAME = AppIcon;
				ASSETCATALOG_COMPILER_GLOBAL_ACCENT_COLOR_NAME = AccentColor;
				CODE_SIGN_STYLE = Automatic;
				CURRENT_PROJECT_VERSION = 1;
				DEVELOPMENT_ASSET_PATHS = "\"NanoChallenge2/Preview Content\"";
				DEVELOPMENT_TEAM = 3RXGWUTBRR;
				ENABLE_PREVIEWS = YES;
				GENERATE_INFOPLIST_FILE = YES;
				INFOPLIST_KEY_UIApplicationSceneManifest_Generation = YES;
				INFOPLIST_KEY_UIApplicationSupportsIndirectInputEvents = YES;
				INFOPLIST_KEY_UILaunchScreen_Generation = YES;
				INFOPLIST_KEY_UISupportedInterfaceOrientations_iPad = "UIInterfaceOrientationPortrait UIInterfaceOrientationPortraitUpsideDown UIInterfaceOrientationLandscapeLeft UIInterfaceOrientationLandscapeRight";
				INFOPLIST_KEY_UISupportedInterfaceOrientations_iPhone = "UIInterfaceOrientationPortrait UIInterfaceOrientationLandscapeLeft UIInterfaceOrientationLandscapeRight";
				LD_RUNPATH_SEARCH_PATHS = (
					"$(inherited)",
					"@executable_path/Frameworks",
				);
				MARKETING_VERSION = 1.0;
				PRODUCT_BUNDLE_IDENTIFIER = "appleAcademy.NanoChallenge-2";
				PRODUCT_NAME = "$(TARGET_NAME)";
				SWIFT_EMIT_LOC_STRINGS = YES;
				SWIFT_VERSION = 5.0;
				TARGETED_DEVICE_FAMILY = "1,2";
			};
			name = Release;
		};
/* End XCBuildConfiguration section */

/* Begin XCConfigurationList section */
		4C2925CE288F8EFA00A9E517 /* Build configuration list for PBXProject "NanoChallenge2" */ = {
			isa = XCConfigurationList;
			buildConfigurations = (
				4C2925E4288F8EFC00A9E517 /* Debug */,
				4C2925E5288F8EFC00A9E517 /* Release */,
			);
			defaultConfigurationIsVisible = 0;
			defaultConfigurationName = Release;
		};
		4C2925E6288F8EFC00A9E517 /* Build configuration list for PBXNativeTarget "NanoChallenge2" */ = {
			isa = XCConfigurationList;
			buildConfigurations = (
				4C2925E7288F8EFC00A9E517 /* Debug */,
				4C2925E8288F8EFC00A9E517 /* Release */,
			);
			defaultConfigurationIsVisible = 0;
			defaultConfigurationName = Release;
		};
/* End XCConfigurationList section */

/* Begin XCRemoteSwiftPackageReference section */
		4CB5406A28986D7D00E1A403 /* XCRemoteSwiftPackageReference "SwiftUISnappingScrollView" */ = {
			isa = XCRemoteSwiftPackageReference;
			repositoryURL = "https://github.com/ciaranrobrien/SwiftUISnappingScrollView";
			requirement = {
				branch = main;
				kind = branch;
			};
		};
		4CB543262899503600E1A403 /* XCRemoteSwiftPackageReference "CalendarKit" */ = {
			isa = XCRemoteSwiftPackageReference;
			repositoryURL = "https://github.com/richardtop/CalendarKit";
			requirement = {
				branch = master;
				kind = branch;
			};
		};
/* End XCRemoteSwiftPackageReference section */

/* Begin XCSwiftPackageProductDependency section */
		4CB5406B28986D7D00E1A403 /* SwiftUISnappingScrollView */ = {
			isa = XCSwiftPackageProductDependency;
			package = 4CB5406A28986D7D00E1A403 /* XCRemoteSwiftPackageReference "SwiftUISnappingScrollView" */;
			productName = SwiftUISnappingScrollView;
		};
		4CB543272899503600E1A403 /* CalendarKit */ = {
			isa = XCSwiftPackageProductDependency;
			package = 4CB543262899503600E1A403 /* XCRemoteSwiftPackageReference "CalendarKit" */;
			productName = CalendarKit;
		};
		4CB5432D2899507D00E1A403 /* CalendarKit */ = {
			isa = XCSwiftPackageProductDependency;
			package = 4CB543262899503600E1A403 /* XCRemoteSwiftPackageReference "CalendarKit" */;
			productName = CalendarKit;
		};
/* End XCSwiftPackageProductDependency section */

/* Begin XCVersionGroup section */
		4C2925E1288F8EFC00A9E517 /* NanoChallenge2.xcdatamodeld */ = {
			isa = XCVersionGroup;
			children = (
				4C2925E2288F8EFC00A9E517 /* NanoChallenge2.xcdatamodel */,
			);
			currentVersion = 4C2925E2288F8EFC00A9E517 /* NanoChallenge2.xcdatamodel */;
			path = NanoChallenge2.xcdatamodeld;
			sourceTree = "<group>";
			versionGroupType = wrapper.xcdatamodel;
		};
		4C29261D28906AD600A9E517 /* CoreData.xcdatamodeld */ = {
			isa = XCVersionGroup;
			children = (
				4C29261E28906AD600A9E517 /* CoreData.xcdatamodel */,
			);
			currentVersion = 4C29261E28906AD600A9E517 /* CoreData.xcdatamodel */;
			path = CoreData.xcdatamodeld;
			sourceTree = "<group>";
			versionGroupType = wrapper.xcdatamodel;
		};
/* End XCVersionGroup section */
	};
	rootObject = 4C2925CB288F8EFA00A9E517 /* Project object */;
}
