{
  "pins" : [
    {
      "identity" : "calendarkit",
      "kind" : "remoteSourceControl",
      "location" : "https://github.com/richardtop/CalendarKit",
      "state" : {
        "branch" : "master",
        "revision" : "3125c7ad3f3cff9855e6896e4c4aed60d2cd1ce3"
      }
    },
    {
      "identity" : "swiftuisnappingscrollview",
      "kind" : "remoteSourceControl",
      "location" : "https://github.com/ciaranrobrien/SwiftUISnappingScrollView",
      "state" : {
        "branch" : "main",
        "revision" : "e2cd31e59f61478dae08b9f941bfb910c9413f00"
      }
    }
  ],
  "version" : 2
}
